
Microsoft Visual Studio Solution File, Format Version 12.00
# Visual Studio 15
VisualStudioVersion = 15.0.28307.539
MinimumVisualStudioVersion = 10.0.40219.1
Project("{2150E333-8FDC-42A3-9474-1A3956D46DE8}") = "Solution Items", "Solution Items", "{412BB0A7-2FD7-48EA-88DF-71BAFD20AB52}"
	ProjectSection(SolutionItems) = preProject
		.editorconfig = .editorconfig
		LICENCE.txt = LICENCE.txt
		README.md = README.md
	EndProjectSection
EndProject
Project("{2150E333-8FDC-42A3-9474-1A3956D46DE8}") = "src", "src", "{03FE2CD5-B9AF-4802-A3E9-DA5B458501CD}"
EndProject
Project("{2150E333-8FDC-42A3-9474-1A3956D46DE8}") = "test", "test", "{625BDAA8-FE02-4CD5-89EF-C17016695590}"
EndProject
Project("{9A19103F-16F7-4668-BE54-9A1E7A4F7556}") = "Password.Hashing", "src\Hashing\Password.Hashing.csproj", "{1865DF55-0BB3-4C3D-9131-30FA50FBD58A}"
EndProject
Project("{9A19103F-16F7-4668-BE54-9A1E7A4F7556}") = "Password.Hashing.Test", "test\Hashing.Test\Password.Hashing.Test.csproj", "{0F6EF18F-DA6B-49F9-A188-C8DC955C6481}"
EndProject
Global
	GlobalSection(SolutionConfigurationPlatforms) = preSolution
		Debug|Any CPU = Debug|Any CPU
		Release|Any CPU = Release|Any CPU
	EndGlobalSection
	GlobalSection(ProjectConfigurationPlatforms) = postSolution
		{1865DF55-0BB3-4C3D-9131-30FA50FBD58A}.Debug|Any CPU.ActiveCfg = Debug|Any CPU
		{1865DF55-0BB3-4C3D-9131-30FA50FBD58A}.Debug|Any CPU.Build.0 = Debug|Any CPU
		{1865DF55-0BB3-4C3D-9131-30FA50FBD58A}.Release|Any CPU.ActiveCfg = Release|Any CPU
		{1865DF55-0BB3-4C3D-9131-30FA50FBD58A}.Release|Any CPU.Build.0 = Release|Any CPU
		{0F6EF18F-DA6B-49F9-A188-C8DC955C6481}.Debug|Any CPU.ActiveCfg = Debug|Any CPU
		{0F6EF18F-DA6B-49F9-A188-C8DC955C6481}.Debug|Any CPU.Build.0 = Debug|Any CPU
		{0F6EF18F-DA6B-49F9-A188-C8DC955C6481}.Release|Any CPU.ActiveCfg = Release|Any CPU
		{0F6EF18F-DA6B-49F9-A188-C8DC955C6481}.Release|Any CPU.Build.0 = Release|Any CPU
	EndGlobalSection
	GlobalSection(SolutionProperties) = preSolution
		HideSolutionNode = FALSE
	EndGlobalSection
	GlobalSection(NestedProjects) = preSolution
		{1865DF55-0BB3-4C3D-9131-30FA50FBD58A} = {03FE2CD5-B9AF-4802-A3E9-DA5B458501CD}
		{0F6EF18F-DA6B-49F9-A188-C8DC955C6481} = {625BDAA8-FE02-4CD5-89EF-C17016695590}
	EndGlobalSection
	GlobalSection(ExtensibilityGlobals) = postSolution
		SolutionGuid = {D3C943A5-85A0-4453-916D-E6EEED24FE21}
	EndGlobalSection
EndGlobal
